
Microsoft Visual Studio Solution File, Format Version 12.00
# Visual Studio Version 17
VisualStudioVersion = 17.2.32602.215
MinimumVisualStudioVersion = 10.0.40219.1
Project("{9A19103F-16F7-4668-BE54-9A1E7A4F7556}") = "Publisher", "Publisher\Publisher.csproj", "{BFCDD142-1E13-48C6-BFC3-97C97CFDA28A}"
EndProject
Project("{9A19103F-16F7-4668-BE54-9A1E7A4F7556}") = "Subscriber", "Subscriber\Subscriber.csproj", "{F2B748C2-1B74-43AE-8C3F-114E8B822838}"
EndProject
Project("{9A19103F-16F7-4668-BE54-9A1E7A4F7556}") = "Subscriber2", "Subscriber2\Subscriber2.csproj", "{E4CE1DF8-703B-44E6-931C-5A1C7B7D8BC3}"
EndProject
Project("{FAE04EC0-301F-11D3-BF4B-00C04F79EFBC}") = "DistributedCaching", "DistributedCaching\DistributedCaching.csproj", "{E804486C-243B-461E-89DC-2CD035E0F214}"
EndProject
Global
	GlobalSection(SolutionConfigurationPlatforms) = preSolution
		Debug|Any CPU = Debug|Any CPU
		Release|Any CPU = Release|Any CPU
	EndGlobalSection
	GlobalSection(ProjectConfigurationPlatforms) = postSolution
		{BFCDD142-1E13-48C6-BFC3-97C97CFDA28A}.Debug|Any CPU.ActiveCfg = Debug|Any CPU
		{BFCDD142-1E13-48C6-BFC3-97C97CFDA28A}.Debug|Any CPU.Build.0 = Debug|Any CPU
		{BFCDD142-1E13-48C6-BFC3-97C97CFDA28A}.Release|Any CPU.ActiveCfg = Release|Any CPU
		{BFCDD142-1E13-48C6-BFC3-97C97CFDA28A}.Release|Any CPU.Build.0 = Release|Any CPU
		{F2B748C2-1B74-43AE-8C3F-114E8B822838}.Debug|Any CPU.ActiveCfg = Debug|Any CPU
		{F2B748C2-1B74-43AE-8C3F-114E8B822838}.Debug|Any CPU.Build.0 = Debug|Any CPU
		{F2B748C2-1B74-43AE-8C3F-114E8B822838}.Release|Any CPU.ActiveCfg = Release|Any CPU
		{F2B748C2-1B74-43AE-8C3F-114E8B822838}.Release|Any CPU.Build.0 = Release|Any CPU
		{E4CE1DF8-703B-44E6-931C-5A1C7B7D8BC3}.Debug|Any CPU.ActiveCfg = Debug|Any CPU
		{E4CE1DF8-703B-44E6-931C-5A1C7B7D8BC3}.Debug|Any CPU.Build.0 = Debug|Any CPU
		{E4CE1DF8-703B-44E6-931C-5A1C7B7D8BC3}.Release|Any CPU.ActiveCfg = Release|Any CPU
		{E4CE1DF8-703B-44E6-931C-5A1C7B7D8BC3}.Release|Any CPU.Build.0 = Release|Any CPU
		{E804486C-243B-461E-89DC-2CD035E0F214}.Debug|Any CPU.ActiveCfg = Debug|Any CPU
		{E804486C-243B-461E-89DC-2CD035E0F214}.Debug|Any CPU.Build.0 = Debug|Any CPU
		{E804486C-243B-461E-89DC-2CD035E0F214}.Release|Any CPU.ActiveCfg = Release|Any CPU
		{E804486C-243B-461E-89DC-2CD035E0F214}.Release|Any CPU.Build.0 = Release|Any CPU
	EndGlobalSection
	GlobalSection(SolutionProperties) = preSolution
		HideSolutionNode = FALSE
	EndGlobalSection
	GlobalSection(ExtensibilityGlobals) = postSolution
		SolutionGuid = {7C9D226C-003F-4A2A-9814-053406F6ABAE}
	EndGlobalSection
EndGlobal
